
Microsoft Visual Studio Solution File, Format Version 12.00
# Visual Studio Version 17
VisualStudioVersion = 17.11.35303.130
MinimumVisualStudioVersion = 10.0.40219.1
Project("{FAE04EC0-301F-11D3-BF4B-00C04F79EFBC}") = "Task 6", "Task 6\Task 6.csproj", "{D38E94A8-CA2F-4A5B-BD30-09673B500388}"
EndProject
Global
	GlobalSection(SolutionConfigurationPlatforms) = preSolution
		Debug|Any CPU = Debug|Any CPU
		Release|Any CPU = Release|Any CPU
	EndGlobalSection
	GlobalSection(ProjectConfigurationPlatforms) = postSolution
		{D38E94A8-CA2F-4A5B-BD30-09673B500388}.Debug|Any CPU.ActiveCfg = Debug|Any CPU
		{D38E94A8-CA2F-4A5B-BD30-09673B500388}.Debug|Any CPU.Build.0 = Debug|Any CPU
		{D38E94A8-CA2F-4A5B-BD30-09673B500388}.Release|Any CPU.ActiveCfg = Release|Any CPU
		{D38E94A8-CA2F-4A5B-BD30-09673B500388}.Release|Any CPU.Build.0 = Release|Any CPU
	EndGlobalSection
	GlobalSection(SolutionProperties) = preSolution
		HideSolutionNode = FALSE
	EndGlobalSection
	GlobalSection(ExtensibilityGlobals) = postSolution
		SolutionGuid = {29700B96-2891-4FB9-A372-1AC48AC8AFC0}
	EndGlobalSection
EndGlobal
