
Microsoft Visual Studio Solution File, Format Version 12.00
# Visual Studio Version 17
VisualStudioVersion = 17.11.35303.130
MinimumVisualStudioVersion = 10.0.40219.1
Project("{FAE04EC0-301F-11D3-BF4B-00C04F79EFBC}") = "Task3", "Task3\Task3.csproj", "{814847A5-FE31-4B2F-87B2-427500BE6411}"
EndProject
Global
	GlobalSection(SolutionConfigurationPlatforms) = preSolution
		Debug|Any CPU = Debug|Any CPU
		Release|Any CPU = Release|Any CPU
	EndGlobalSection
	GlobalSection(ProjectConfigurationPlatforms) = postSolution
		{814847A5-FE31-4B2F-87B2-427500BE6411}.Debug|Any CPU.ActiveCfg = Debug|Any CPU
		{814847A5-FE31-4B2F-87B2-427500BE6411}.Debug|Any CPU.Build.0 = Debug|Any CPU
		{814847A5-FE31-4B2F-87B2-427500BE6411}.Release|Any CPU.ActiveCfg = Release|Any CPU
		{814847A5-FE31-4B2F-87B2-427500BE6411}.Release|Any CPU.Build.0 = Release|Any CPU
	EndGlobalSection
	GlobalSection(SolutionProperties) = preSolution
		HideSolutionNode = FALSE
	EndGlobalSection
	GlobalSection(ExtensibilityGlobals) = postSolution
		SolutionGuid = {AA6FAA07-0034-4928-9D42-BE4CC2E92FA8}
	EndGlobalSection
EndGlobal
